
Microsoft Visual Studio Solution File, Format Version 12.00
# Visual Studio Version 16
VisualStudioVersion = 16.0.31313.79
MinimumVisualStudioVersion = 10.0.40219.1
Project("{FAE04EC0-301F-11D3-BF4B-00C04F79EFBC}") = "ICompare.Setup.SchedulerPostInstaller", "..\Documents\Icompare PostInstaller\ICompare.Setup.SchedulerPostInstaller.csproj", "{9B747E7A-62BB-40A1-B430-BEF0A69D0D16}"
EndProject
Global
	GlobalSection(SolutionConfigurationPlatforms) = preSolution
		Debug|Any CPU = Debug|Any CPU
		Release|Any CPU = Release|Any CPU
	EndGlobalSection
	GlobalSection(ProjectConfigurationPlatforms) = postSolution
		{9B747E7A-62BB-40A1-B430-BEF0A69D0D16}.Debug|Any CPU.ActiveCfg = Debug|Any CPU
		{9B747E7A-62BB-40A1-B430-BEF0A69D0D16}.Debug|Any CPU.Build.0 = Debug|Any CPU
		{9B747E7A-62BB-40A1-B430-BEF0A69D0D16}.Release|Any CPU.ActiveCfg = Release|Any CPU
		{9B747E7A-62BB-40A1-B430-BEF0A69D0D16}.Release|Any CPU.Build.0 = Release|Any CPU
	EndGlobalSection
	GlobalSection(SolutionProperties) = preSolution
		HideSolutionNode = FALSE
	EndGlobalSection
	GlobalSection(ExtensibilityGlobals) = postSolution
		SolutionGuid = {CB90B5BA-213A-49FD-95FA-0035A6685215}
	EndGlobalSection
EndGlobal
